
Microsoft Visual Studio Solution File, Format Version 12.00
# Visual Studio Version 17
VisualStudioVersion = 17.7.34031.279
MinimumVisualStudioVersion = 10.0.40219.1
Project("{FAE04EC0-301F-11D3-BF4B-00C04F79EFBC}") = "SUELDO CODIGO 2", "SUELDO CODIGO 2\SUELDO CODIGO 2.csproj", "{7B41421E-94FB-4FC5-A803-44AD5BAB10E8}"
EndProject
Global
	GlobalSection(SolutionConfigurationPlatforms) = preSolution
		Debug|Any CPU = Debug|Any CPU
		Release|Any CPU = Release|Any CPU
	EndGlobalSection
	GlobalSection(ProjectConfigurationPlatforms) = postSolution
		{7B41421E-94FB-4FC5-A803-44AD5BAB10E8}.Debug|Any CPU.ActiveCfg = Debug|Any CPU
		{7B41421E-94FB-4FC5-A803-44AD5BAB10E8}.Debug|Any CPU.Build.0 = Debug|Any CPU
		{7B41421E-94FB-4FC5-A803-44AD5BAB10E8}.Release|Any CPU.ActiveCfg = Release|Any CPU
		{7B41421E-94FB-4FC5-A803-44AD5BAB10E8}.Release|Any CPU.Build.0 = Release|Any CPU
	EndGlobalSection
	GlobalSection(SolutionProperties) = preSolution
		HideSolutionNode = FALSE
	EndGlobalSection
	GlobalSection(ExtensibilityGlobals) = postSolution
		SolutionGuid = {74CD6EA0-EA67-473E-A60B-4C78D9CF227B}
	EndGlobalSection
EndGlobal
